{
  "lockfileVersion": 1,
  "configVersion": 1,
  "workspaces": {
    "": {
      "name": "discord-avalon",
      "dependencies": {
        "@prisma/client": "^6.18.0",
        "@prisma/extension-accelerate": "^2.0.2",
        "discord.js": "^14.24.2",
        "dotenv": "^17.2.3",
        "nanoid": "^5.1.6",
      },
      "devDependencies": {
        "@types/js-yaml": "^4.0.9",
        "@types/node": "^24.9.2",
        "prisma": "^6.18.0",
        "tsup": "^8.5.0",
        "tsx": "^4.20.6",
      },
    },
  },
  "packages": {
    "@discordjs/builders": ["@discordjs/builders@1.13.0", "https://registry.yarnpkg.com/@discordjs/builders/-/builders-1.13.0.tgz", { "dependencies": { "@discordjs/formatters": "^0.6.1", "@discordjs/util": "^1.1.1", "@sapphire/shapeshift": "^4.0.0", "discord-api-types": "^0.38.31", "fast-deep-equal": "^3.1.3", "ts-mixer": "^6.0.4", "tslib": "^2.6.3" } }, ""],

    "@discordjs/collection": ["@discordjs/collection@1.5.3", "https://registry.yarnpkg.com/@discordjs/collection/-/collection-1.5.3.tgz", {}, ""],

    "@discordjs/formatters": ["@discordjs/formatters@0.6.1", "https://registry.yarnpkg.com/@discordjs/formatters/-/formatters-0.6.1.tgz", { "dependencies": { "discord-api-types": "^0.38.1" } }, ""],

    "@discordjs/rest": ["@discordjs/rest@2.6.0", "https://registry.yarnpkg.com/@discordjs/rest/-/rest-2.6.0.tgz", { "dependencies": { "@discordjs/collection": "^2.1.1", "@discordjs/util": "^1.1.1", "@sapphire/async-queue": "^1.5.3", "@sapphire/snowflake": "^3.5.3", "@vladfrangu/async_event_emitter": "^2.4.6", "discord-api-types": "^0.38.16", "magic-bytes.js": "^1.10.0", "tslib": "^2.6.3", "undici": "6.21.3" } }, ""],

    "@discordjs/util": ["@discordjs/util@1.1.1", "https://registry.yarnpkg.com/@discordjs/util/-/util-1.1.1.tgz", {}, ""],

    "@discordjs/ws": ["@discordjs/ws@1.2.3", "https://registry.yarnpkg.com/@discordjs/ws/-/ws-1.2.3.tgz", { "dependencies": { "@discordjs/collection": "^2.1.0", "@discordjs/rest": "^2.5.1", "@discordjs/util": "^1.1.0", "@sapphire/async-queue": "^1.5.2", "@types/ws": "^8.5.10", "@vladfrangu/async_event_emitter": "^2.2.4", "discord-api-types": "^0.38.1", "tslib": "^2.6.2", "ws": "^8.17.0" } }, ""],

    "@esbuild/linux-x64": ["@esbuild/linux-x64@0.25.11", "https://registry.yarnpkg.com/@esbuild/linux-x64/-/linux-x64-0.25.11.tgz", { "os": "linux", "cpu": "x64" }, ""],

    "@isaacs/cliui": ["@isaacs/cliui@8.0.2", "https://registry.yarnpkg.com/@isaacs/cliui/-/cliui-8.0.2.tgz", { "dependencies": { "string-width": "^5.1.2", "string-width-cjs": "npm:string-width@^4.2.0", "strip-ansi": "^7.0.1", "strip-ansi-cjs": "npm:strip-ansi@^6.0.1", "wrap-ansi": "^8.1.0", "wrap-ansi-cjs": "npm:wrap-ansi@^7.0.0" } }, ""],

    "@jridgewell/gen-mapping": ["@jridgewell/gen-mapping@0.3.13", "https://registry.yarnpkg.com/@jridgewell/gen-mapping/-/gen-mapping-0.3.13.tgz", { "dependencies": { "@jridgewell/sourcemap-codec": "^1.5.0", "@jridgewell/trace-mapping": "^0.3.24" } }, ""],

    "@jridgewell/resolve-uri": ["@jridgewell/resolve-uri@3.1.2", "https://registry.yarnpkg.com/@jridgewell/resolve-uri/-/resolve-uri-3.1.2.tgz", {}, ""],

    "@jridgewell/sourcemap-codec": ["@jridgewell/sourcemap-codec@1.5.5", "https://registry.yarnpkg.com/@jridgewell/sourcemap-codec/-/sourcemap-codec-1.5.5.tgz", {}, ""],

    "@jridgewell/trace-mapping": ["@jridgewell/trace-mapping@0.3.31", "https://registry.yarnpkg.com/@jridgewell/trace-mapping/-/trace-mapping-0.3.31.tgz", { "dependencies": { "@jridgewell/resolve-uri": "^3.1.0", "@jridgewell/sourcemap-codec": "^1.4.14" } }, ""],

    "@pkgjs/parseargs": ["@pkgjs/parseargs@0.11.0", "https://registry.yarnpkg.com/@pkgjs/parseargs/-/parseargs-0.11.0.tgz", {}, ""],

    "@prisma/client": ["@prisma/client@6.18.0", "https://registry.yarnpkg.com/@prisma/client/-/client-6.18.0.tgz", { "peerDependencies": { "prisma": "*", "typescript": ">=5.1.0" }, "optionalPeers": ["typescript"] }, ""],

    "@prisma/config": ["@prisma/config@6.18.0", "https://registry.yarnpkg.com/@prisma/config/-/config-6.18.0.tgz", { "dependencies": { "c12": "3.1.0", "deepmerge-ts": "7.1.5", "effect": "3.18.4", "empathic": "2.0.0" } }, ""],

    "@prisma/debug": ["@prisma/debug@6.18.0", "https://registry.yarnpkg.com/@prisma/debug/-/debug-6.18.0.tgz", {}, ""],

    "@prisma/engines": ["@prisma/engines@6.18.0", "https://registry.yarnpkg.com/@prisma/engines/-/engines-6.18.0.tgz", { "dependencies": { "@prisma/debug": "6.18.0", "@prisma/engines-version": "6.18.0-8.34b5a692b7bd79939a9a2c3ef97d816e749cda2f", "@prisma/fetch-engine": "6.18.0", "@prisma/get-platform": "6.18.0" } }, ""],

    "@prisma/engines-version": ["@prisma/engines-version@6.18.0-8.34b5a692b7bd79939a9a2c3ef97d816e749cda2f", "https://registry.yarnpkg.com/@prisma/engines-version/-/engines-version-6.18.0-8.34b5a692b7bd79939a9a2c3ef97d816e749cda2f.tgz", {}, ""],

    "@prisma/extension-accelerate": ["@prisma/extension-accelerate@2.0.2", "https://registry.yarnpkg.com/@prisma/extension-accelerate/-/extension-accelerate-2.0.2.tgz", { "peerDependencies": { "@prisma/client": ">=4.16.1" } }, ""],

    "@prisma/fetch-engine": ["@prisma/fetch-engine@6.18.0", "https://registry.yarnpkg.com/@prisma/fetch-engine/-/fetch-engine-6.18.0.tgz", { "dependencies": { "@prisma/debug": "6.18.0", "@prisma/engines-version": "6.18.0-8.34b5a692b7bd79939a9a2c3ef97d816e749cda2f", "@prisma/get-platform": "6.18.0" } }, ""],

    "@prisma/get-platform": ["@prisma/get-platform@6.18.0", "https://registry.yarnpkg.com/@prisma/get-platform/-/get-platform-6.18.0.tgz", { "dependencies": { "@prisma/debug": "6.18.0" } }, ""],

    "@rollup/rollup-linux-x64-gnu": ["@rollup/rollup-linux-x64-gnu@4.52.5", "https://registry.yarnpkg.com/@rollup/rollup-linux-x64-gnu/-/rollup-linux-x64-gnu-4.52.5.tgz", { "os": "linux", "cpu": "x64" }, ""],

    "@rollup/rollup-linux-x64-musl": ["@rollup/rollup-linux-x64-musl@4.52.5", "https://registry.yarnpkg.com/@rollup/rollup-linux-x64-musl/-/rollup-linux-x64-musl-4.52.5.tgz", { "os": "linux", "cpu": "x64" }, ""],

    "@sapphire/async-queue": ["@sapphire/async-queue@1.5.5", "https://registry.yarnpkg.com/@sapphire/async-queue/-/async-queue-1.5.5.tgz", {}, ""],

    "@sapphire/shapeshift": ["@sapphire/shapeshift@4.0.0", "https://registry.yarnpkg.com/@sapphire/shapeshift/-/shapeshift-4.0.0.tgz", { "dependencies": { "fast-deep-equal": "^3.1.3", "lodash": "^4.17.21" } }, ""],

    "@sapphire/snowflake": ["@sapphire/snowflake@3.5.3", "https://registry.yarnpkg.com/@sapphire/snowflake/-/snowflake-3.5.3.tgz", {}, ""],

    "@standard-schema/spec": ["@standard-schema/spec@1.0.0", "https://registry.yarnpkg.com/@standard-schema/spec/-/spec-1.0.0.tgz", {}, ""],

    "@types/estree": ["@types/estree@1.0.8", "https://registry.yarnpkg.com/@types/estree/-/estree-1.0.8.tgz", {}, ""],

    "@types/js-yaml": ["@types/js-yaml@4.0.9", "https://registry.yarnpkg.com/@types/js-yaml/-/js-yaml-4.0.9.tgz", {}, ""],

    "@types/node": ["@types/node@24.9.2", "https://registry.yarnpkg.com/@types/node/-/node-24.9.2.tgz", { "dependencies": { "undici-types": "~7.16.0" } }, ""],

    "@types/ws": ["@types/ws@8.18.1", "https://registry.yarnpkg.com/@types/ws/-/ws-8.18.1.tgz", { "dependencies": { "@types/node": "*" } }, ""],

    "@vladfrangu/async_event_emitter": ["@vladfrangu/async_event_emitter@2.4.7", "https://registry.yarnpkg.com/@vladfrangu/async_event_emitter/-/async_event_emitter-2.4.7.tgz", {}, ""],

    "acorn": ["acorn@8.15.0", "https://registry.yarnpkg.com/acorn/-/acorn-8.15.0.tgz", { "bin": "bin/acorn" }, ""],

    "ansi-regex": ["ansi-regex@6.2.2", "https://registry.yarnpkg.com/ansi-regex/-/ansi-regex-6.2.2.tgz", {}, ""],

    "ansi-styles": ["ansi-styles@6.2.3", "https://registry.yarnpkg.com/ansi-styles/-/ansi-styles-6.2.3.tgz", {}, ""],

    "any-promise": ["any-promise@1.3.0", "https://registry.yarnpkg.com/any-promise/-/any-promise-1.3.0.tgz", {}, ""],

    "balanced-match": ["balanced-match@1.0.2", "https://registry.yarnpkg.com/balanced-match/-/balanced-match-1.0.2.tgz", {}, ""],

    "brace-expansion": ["brace-expansion@2.0.2", "https://registry.yarnpkg.com/brace-expansion/-/brace-expansion-2.0.2.tgz", { "dependencies": { "balanced-match": "^1.0.0" } }, ""],

    "bundle-require": ["bundle-require@5.1.0", "https://registry.yarnpkg.com/bundle-require/-/bundle-require-5.1.0.tgz", { "dependencies": { "load-tsconfig": "^0.2.3" }, "peerDependencies": { "esbuild": ">=0.18" } }, ""],

    "c12": ["c12@3.1.0", "https://registry.yarnpkg.com/c12/-/c12-3.1.0.tgz", { "dependencies": { "chokidar": "^4.0.3", "confbox": "^0.2.2", "defu": "^6.1.4", "dotenv": "^16.6.1", "exsolve": "^1.0.7", "giget": "^2.0.0", "jiti": "^2.4.2", "ohash": "^2.0.11", "pathe": "^2.0.3", "perfect-debounce": "^1.0.0", "pkg-types": "^2.2.0", "rc9": "^2.1.2" }, "peerDependencies": { "magicast": "^0.3.5" }, "optionalPeers": ["magicast"] }, ""],

    "cac": ["cac@6.7.14", "https://registry.yarnpkg.com/cac/-/cac-6.7.14.tgz", {}, ""],

    "chokidar": ["chokidar@4.0.3", "https://registry.yarnpkg.com/chokidar/-/chokidar-4.0.3.tgz", { "dependencies": { "readdirp": "^4.0.1" } }, ""],

    "citty": ["citty@0.1.6", "https://registry.yarnpkg.com/citty/-/citty-0.1.6.tgz", { "dependencies": { "consola": "^3.2.3" } }, ""],

    "color-convert": ["color-convert@2.0.1", "https://registry.yarnpkg.com/color-convert/-/color-convert-2.0.1.tgz", { "dependencies": { "color-name": "~1.1.4" } }, ""],

    "color-name": ["color-name@1.1.4", "https://registry.yarnpkg.com/color-name/-/color-name-1.1.4.tgz", {}, ""],

    "commander": ["commander@4.1.1", "https://registry.yarnpkg.com/commander/-/commander-4.1.1.tgz", {}, ""],

    "confbox": ["confbox@0.2.2", "https://registry.yarnpkg.com/confbox/-/confbox-0.2.2.tgz", {}, ""],

    "consola": ["consola@3.4.2", "https://registry.yarnpkg.com/consola/-/consola-3.4.2.tgz", {}, ""],

    "cross-spawn": ["cross-spawn@7.0.6", "https://registry.yarnpkg.com/cross-spawn/-/cross-spawn-7.0.6.tgz", { "dependencies": { "path-key": "^3.1.0", "shebang-command": "^2.0.0", "which": "^2.0.1" } }, ""],

    "debug": ["debug@4.4.3", "https://registry.yarnpkg.com/debug/-/debug-4.4.3.tgz", { "dependencies": { "ms": "^2.1.3" } }, ""],

    "deepmerge-ts": ["deepmerge-ts@7.1.5", "https://registry.yarnpkg.com/deepmerge-ts/-/deepmerge-ts-7.1.5.tgz", {}, ""],

    "defu": ["defu@6.1.4", "https://registry.yarnpkg.com/defu/-/defu-6.1.4.tgz", {}, ""],

    "destr": ["destr@2.0.5", "https://registry.yarnpkg.com/destr/-/destr-2.0.5.tgz", {}, ""],

    "discord-api-types": ["discord-api-types@0.38.31", "https://registry.yarnpkg.com/discord-api-types/-/discord-api-types-0.38.31.tgz", {}, ""],

    "discord.js": ["discord.js@14.24.2", "https://registry.yarnpkg.com/discord.js/-/discord.js-14.24.2.tgz", { "dependencies": { "@discordjs/builders": "^1.13.0", "@discordjs/collection": "1.5.3", "@discordjs/formatters": "^0.6.1", "@discordjs/rest": "^2.6.0", "@discordjs/util": "^1.1.1", "@discordjs/ws": "^1.2.3", "@sapphire/snowflake": "3.5.3", "discord-api-types": "^0.38.31", "fast-deep-equal": "3.1.3", "lodash.snakecase": "4.1.1", "magic-bytes.js": "^1.10.0", "tslib": "^2.6.3", "undici": "6.21.3" } }, ""],

    "dotenv": ["dotenv@17.2.3", "https://registry.yarnpkg.com/dotenv/-/dotenv-17.2.3.tgz", {}, ""],

    "eastasianwidth": ["eastasianwidth@0.2.0", "https://registry.yarnpkg.com/eastasianwidth/-/eastasianwidth-0.2.0.tgz", {}, ""],

    "effect": ["effect@3.18.4", "https://registry.yarnpkg.com/effect/-/effect-3.18.4.tgz", { "dependencies": { "@standard-schema/spec": "^1.0.0", "fast-check": "^3.23.1" } }, ""],

    "emoji-regex": ["emoji-regex@9.2.2", "https://registry.yarnpkg.com/emoji-regex/-/emoji-regex-9.2.2.tgz", {}, ""],

    "empathic": ["empathic@2.0.0", "https://registry.yarnpkg.com/empathic/-/empathic-2.0.0.tgz", {}, ""],

    "esbuild": ["esbuild@0.25.11", "https://registry.yarnpkg.com/esbuild/-/esbuild-0.25.11.tgz", { "optionalDependencies": { "@esbuild/linux-x64": "0.25.11" }, "bin": "bin/esbuild" }, ""],

    "exsolve": ["exsolve@1.0.7", "https://registry.yarnpkg.com/exsolve/-/exsolve-1.0.7.tgz", {}, ""],

    "fast-check": ["fast-check@3.23.2", "https://registry.yarnpkg.com/fast-check/-/fast-check-3.23.2.tgz", { "dependencies": { "pure-rand": "^6.1.0" } }, ""],

    "fast-deep-equal": ["fast-deep-equal@3.1.3", "https://registry.yarnpkg.com/fast-deep-equal/-/fast-deep-equal-3.1.3.tgz", {}, ""],

    "fdir": ["fdir@6.5.0", "https://registry.yarnpkg.com/fdir/-/fdir-6.5.0.tgz", { "peerDependencies": { "picomatch": "^3 || ^4" } }, ""],

    "fix-dts-default-cjs-exports": ["fix-dts-default-cjs-exports@1.0.1", "https://registry.yarnpkg.com/fix-dts-default-cjs-exports/-/fix-dts-default-cjs-exports-1.0.1.tgz", { "dependencies": { "magic-string": "^0.30.17", "mlly": "^1.7.4", "rollup": "^4.34.8" } }, ""],

    "foreground-child": ["foreground-child@3.3.1", "https://registry.yarnpkg.com/foreground-child/-/foreground-child-3.3.1.tgz", { "dependencies": { "cross-spawn": "^7.0.6", "signal-exit": "^4.0.1" } }, ""],

    "get-tsconfig": ["get-tsconfig@4.13.0", "https://registry.yarnpkg.com/get-tsconfig/-/get-tsconfig-4.13.0.tgz", { "dependencies": { "resolve-pkg-maps": "^1.0.0" } }, ""],

    "giget": ["giget@2.0.0", "https://registry.yarnpkg.com/giget/-/giget-2.0.0.tgz", { "dependencies": { "citty": "^0.1.6", "consola": "^3.4.0", "defu": "^6.1.4", "node-fetch-native": "^1.6.6", "nypm": "^0.6.0", "pathe": "^2.0.3" }, "bin": "dist/cli.mjs" }, ""],

    "glob": ["glob@10.4.5", "https://registry.yarnpkg.com/glob/-/glob-10.4.5.tgz", { "dependencies": { "foreground-child": "^3.1.0", "jackspeak": "^3.1.2", "minimatch": "^9.0.4", "minipass": "^7.1.2", "package-json-from-dist": "^1.0.0", "path-scurry": "^1.11.1" }, "bin": "dist/esm/bin.mjs" }, ""],

    "is-fullwidth-code-point": ["is-fullwidth-code-point@3.0.0", "", {}, "sha512-zymm5+u+sCsSWyD9qNaejV3DFvhCKclKdizYaJUuHA83RLjb7nSuGnddCHGv0hk+KY7BMAlsWeK4Ueg6EV6XQg=="],

    "isexe": ["isexe@2.0.0", "https://registry.yarnpkg.com/isexe/-/isexe-2.0.0.tgz", {}, ""],

    "jackspeak": ["jackspeak@3.4.3", "https://registry.yarnpkg.com/jackspeak/-/jackspeak-3.4.3.tgz", { "dependencies": { "@isaacs/cliui": "^8.0.2" }, "optionalDependencies": { "@pkgjs/parseargs": "^0.11.0" } }, ""],

    "jiti": ["jiti@2.6.1", "https://registry.yarnpkg.com/jiti/-/jiti-2.6.1.tgz", { "bin": "lib/jiti-cli.mjs" }, ""],

    "joycon": ["joycon@3.1.1", "https://registry.yarnpkg.com/joycon/-/joycon-3.1.1.tgz", {}, ""],

    "lilconfig": ["lilconfig@3.1.3", "https://registry.yarnpkg.com/lilconfig/-/lilconfig-3.1.3.tgz", {}, ""],

    "lines-and-columns": ["lines-and-columns@1.2.4", "https://registry.yarnpkg.com/lines-and-columns/-/lines-and-columns-1.2.4.tgz", {}, ""],

    "load-tsconfig": ["load-tsconfig@0.2.5", "https://registry.yarnpkg.com/load-tsconfig/-/load-tsconfig-0.2.5.tgz", {}, ""],

    "lodash": ["lodash@4.17.21", "https://registry.yarnpkg.com/lodash/-/lodash-4.17.21.tgz", {}, ""],

    "lodash.snakecase": ["lodash.snakecase@4.1.1", "https://registry.yarnpkg.com/lodash.snakecase/-/lodash.snakecase-4.1.1.tgz", {}, ""],

    "lodash.sortby": ["lodash.sortby@4.7.0", "https://registry.yarnpkg.com/lodash.sortby/-/lodash.sortby-4.7.0.tgz", {}, ""],

    "lru-cache": ["lru-cache@10.4.3", "https://registry.yarnpkg.com/lru-cache/-/lru-cache-10.4.3.tgz", {}, ""],

    "magic-bytes.js": ["magic-bytes.js@1.12.1", "https://registry.yarnpkg.com/magic-bytes.js/-/magic-bytes.js-1.12.1.tgz", {}, ""],

    "magic-string": ["magic-string@0.30.21", "https://registry.yarnpkg.com/magic-string/-/magic-string-0.30.21.tgz", { "dependencies": { "@jridgewell/sourcemap-codec": "^1.5.5" } }, ""],

    "minimatch": ["minimatch@9.0.5", "https://registry.yarnpkg.com/minimatch/-/minimatch-9.0.5.tgz", { "dependencies": { "brace-expansion": "^2.0.1" } }, ""],

    "minipass": ["minipass@7.1.2", "https://registry.yarnpkg.com/minipass/-/minipass-7.1.2.tgz", {}, ""],

    "mlly": ["mlly@1.8.0", "https://registry.yarnpkg.com/mlly/-/mlly-1.8.0.tgz", { "dependencies": { "acorn": "^8.15.0", "pathe": "^2.0.3", "pkg-types": "^1.3.1", "ufo": "^1.6.1" } }, ""],

    "ms": ["ms@2.1.3", "https://registry.yarnpkg.com/ms/-/ms-2.1.3.tgz", {}, ""],

    "mz": ["mz@2.7.0", "https://registry.yarnpkg.com/mz/-/mz-2.7.0.tgz", { "dependencies": { "any-promise": "^1.0.0", "object-assign": "^4.0.1", "thenify-all": "^1.0.0" } }, ""],

    "nanoid": ["nanoid@5.1.6", "https://registry.yarnpkg.com/nanoid/-/nanoid-5.1.6.tgz", { "bin": "bin/nanoid.js" }, ""],

    "node-fetch-native": ["node-fetch-native@1.6.7", "https://registry.yarnpkg.com/node-fetch-native/-/node-fetch-native-1.6.7.tgz", {}, ""],

    "nypm": ["nypm@0.6.2", "https://registry.yarnpkg.com/nypm/-/nypm-0.6.2.tgz", { "dependencies": { "citty": "^0.1.6", "consola": "^3.4.2", "pathe": "^2.0.3", "pkg-types": "^2.3.0", "tinyexec": "^1.0.1" }, "bin": "dist/cli.mjs" }, ""],

    "object-assign": ["object-assign@4.1.1", "https://registry.yarnpkg.com/object-assign/-/object-assign-4.1.1.tgz", {}, ""],

    "ohash": ["ohash@2.0.11", "https://registry.yarnpkg.com/ohash/-/ohash-2.0.11.tgz", {}, ""],

    "package-json-from-dist": ["package-json-from-dist@1.0.1", "https://registry.yarnpkg.com/package-json-from-dist/-/package-json-from-dist-1.0.1.tgz", {}, ""],

    "path-key": ["path-key@3.1.1", "https://registry.yarnpkg.com/path-key/-/path-key-3.1.1.tgz", {}, ""],

    "path-scurry": ["path-scurry@1.11.1", "https://registry.yarnpkg.com/path-scurry/-/path-scurry-1.11.1.tgz", { "dependencies": { "lru-cache": "^10.2.0", "minipass": "^5.0.0 || ^6.0.2 || ^7.0.0" } }, ""],

    "pathe": ["pathe@2.0.3", "https://registry.yarnpkg.com/pathe/-/pathe-2.0.3.tgz", {}, ""],

    "perfect-debounce": ["perfect-debounce@1.0.0", "https://registry.yarnpkg.com/perfect-debounce/-/perfect-debounce-1.0.0.tgz", {}, ""],

    "picocolors": ["picocolors@1.1.1", "https://registry.yarnpkg.com/picocolors/-/picocolors-1.1.1.tgz", {}, ""],

    "picomatch": ["picomatch@4.0.3", "https://registry.yarnpkg.com/picomatch/-/picomatch-4.0.3.tgz", {}, ""],

    "pirates": ["pirates@4.0.7", "https://registry.yarnpkg.com/pirates/-/pirates-4.0.7.tgz", {}, ""],

    "pkg-types": ["pkg-types@2.3.0", "https://registry.yarnpkg.com/pkg-types/-/pkg-types-2.3.0.tgz", { "dependencies": { "confbox": "^0.2.2", "exsolve": "^1.0.7", "pathe": "^2.0.3" } }, ""],

    "postcss-load-config": ["postcss-load-config@6.0.1", "https://registry.yarnpkg.com/postcss-load-config/-/postcss-load-config-6.0.1.tgz", { "dependencies": { "lilconfig": "^3.1.1" }, "peerDependencies": { "jiti": ">=1.21.0", "postcss": ">=8.0.9", "tsx": "^4.8.1", "yaml": "^2.4.2" }, "optionalPeers": ["postcss", "yaml"] }, ""],

    "prisma": ["prisma@6.18.0", "https://registry.yarnpkg.com/prisma/-/prisma-6.18.0.tgz", { "dependencies": { "@prisma/config": "6.18.0", "@prisma/engines": "6.18.0" }, "peerDependencies": { "typescript": ">=5.1.0" }, "optionalPeers": ["typescript"], "bin": "build/index.js" }, ""],

    "punycode": ["punycode@2.3.1", "https://registry.yarnpkg.com/punycode/-/punycode-2.3.1.tgz", {}, ""],

    "pure-rand": ["pure-rand@6.1.0", "https://registry.yarnpkg.com/pure-rand/-/pure-rand-6.1.0.tgz", {}, ""],

    "rc9": ["rc9@2.1.2", "https://registry.yarnpkg.com/rc9/-/rc9-2.1.2.tgz", { "dependencies": { "defu": "^6.1.4", "destr": "^2.0.3" } }, ""],

    "readdirp": ["readdirp@4.1.2", "https://registry.yarnpkg.com/readdirp/-/readdirp-4.1.2.tgz", {}, ""],

    "resolve-from": ["resolve-from@5.0.0", "https://registry.yarnpkg.com/resolve-from/-/resolve-from-5.0.0.tgz", {}, ""],

    "resolve-pkg-maps": ["resolve-pkg-maps@1.0.0", "https://registry.yarnpkg.com/resolve-pkg-maps/-/resolve-pkg-maps-1.0.0.tgz", {}, ""],

    "rollup": ["rollup@4.52.5", "https://registry.yarnpkg.com/rollup/-/rollup-4.52.5.tgz", { "dependencies": { "@types/estree": "1.0.8" }, "optionalDependencies": { "@rollup/rollup-linux-x64-gnu": "4.52.5", "@rollup/rollup-linux-x64-musl": "4.52.5" }, "bin": "dist/bin/rollup" }, ""],

    "shebang-command": ["shebang-command@2.0.0", "https://registry.yarnpkg.com/shebang-command/-/shebang-command-2.0.0.tgz", { "dependencies": { "shebang-regex": "^3.0.0" } }, ""],

    "shebang-regex": ["shebang-regex@3.0.0", "https://registry.yarnpkg.com/shebang-regex/-/shebang-regex-3.0.0.tgz", {}, ""],

    "signal-exit": ["signal-exit@4.1.0", "https://registry.yarnpkg.com/signal-exit/-/signal-exit-4.1.0.tgz", {}, ""],

    "source-map": ["source-map@0.8.0-beta.0", "https://registry.yarnpkg.com/source-map/-/source-map-0.8.0-beta.0.tgz", { "dependencies": { "whatwg-url": "^7.0.0" } }, ""],

    "string-width": ["string-width@5.1.2", "", { "dependencies": { "eastasianwidth": "^0.2.0", "emoji-regex": "^9.2.2", "strip-ansi": "^7.0.1" } }, "sha512-HnLOCR3vjcY8beoNLtcjZ5/nxn2afmME6lhrDrebokqMap+XbeW8n9TXpPDOqdGK5qcI3oT0GKTW6wC7EMiVqA=="],

    "string-width-cjs": ["string-width@4.2.3", "", { "dependencies": { "emoji-regex": "^8.0.0", "is-fullwidth-code-point": "^3.0.0", "strip-ansi": "^6.0.1" } }, "sha512-wKyQRQpjJ0sIp62ErSZdGsjMJWsap5oRNihHhu6G7JVO/9jIB6UyevL+tXuOqrng8j/cxKTWyWUwvSTriiZz/g=="],

    "strip-ansi": ["strip-ansi@7.1.2", "https://registry.yarnpkg.com/strip-ansi/-/strip-ansi-7.1.2.tgz", { "dependencies": { "ansi-regex": "^6.0.1" } }, ""],

    "strip-ansi-cjs": ["strip-ansi@6.0.1", "", { "dependencies": { "ansi-regex": "^5.0.1" } }, "sha512-Y38VPSHcqkFrCpFnQ9vuSXmquuv5oXOKpGeT6aGrr3o3Gc9AlVa6JBfUSOCnbxGGZF+/0ooI7KrPuUSztUdU5A=="],

    "sucrase": ["sucrase@3.35.0", "https://registry.yarnpkg.com/sucrase/-/sucrase-3.35.0.tgz", { "dependencies": { "@jridgewell/gen-mapping": "^0.3.2", "commander": "^4.0.0", "glob": "^10.3.10", "lines-and-columns": "^1.1.6", "mz": "^2.7.0", "pirates": "^4.0.1", "ts-interface-checker": "^0.1.9" }, "bin": { "sucrase": "bin/sucrase", "sucrase-node": "bin/sucrase-node" } }, ""],

    "thenify": ["thenify@3.3.1", "https://registry.yarnpkg.com/thenify/-/thenify-3.3.1.tgz", { "dependencies": { "any-promise": "^1.0.0" } }, ""],

    "thenify-all": ["thenify-all@1.6.0", "https://registry.yarnpkg.com/thenify-all/-/thenify-all-1.6.0.tgz", { "dependencies": { "thenify": ">= 3.1.0 < 4" } }, ""],

    "tinyexec": ["tinyexec@0.3.2", "https://registry.yarnpkg.com/tinyexec/-/tinyexec-0.3.2.tgz", {}, ""],

    "tinyglobby": ["tinyglobby@0.2.15", "https://registry.yarnpkg.com/tinyglobby/-/tinyglobby-0.2.15.tgz", { "dependencies": { "fdir": "^6.5.0", "picomatch": "^4.0.3" } }, ""],

    "tr46": ["tr46@1.0.1", "https://registry.yarnpkg.com/tr46/-/tr46-1.0.1.tgz", { "dependencies": { "punycode": "^2.1.0" } }, ""],

    "tree-kill": ["tree-kill@1.2.2", "https://registry.yarnpkg.com/tree-kill/-/tree-kill-1.2.2.tgz", { "bin": "cli.js" }, ""],

    "ts-interface-checker": ["ts-interface-checker@0.1.13", "https://registry.yarnpkg.com/ts-interface-checker/-/ts-interface-checker-0.1.13.tgz", {}, ""],

    "ts-mixer": ["ts-mixer@6.0.4", "https://registry.yarnpkg.com/ts-mixer/-/ts-mixer-6.0.4.tgz", {}, ""],

    "tslib": ["tslib@2.8.1", "https://registry.yarnpkg.com/tslib/-/tslib-2.8.1.tgz", {}, ""],

    "tsup": ["tsup@8.5.0", "https://registry.yarnpkg.com/tsup/-/tsup-8.5.0.tgz", { "dependencies": { "bundle-require": "^5.1.0", "cac": "^6.7.14", "chokidar": "^4.0.3", "consola": "^3.4.0", "debug": "^4.4.0", "esbuild": "^0.25.0", "fix-dts-default-cjs-exports": "^1.0.0", "joycon": "^3.1.1", "picocolors": "^1.1.1", "postcss-load-config": "^6.0.1", "resolve-from": "^5.0.0", "rollup": "^4.34.8", "source-map": "0.8.0-beta.0", "sucrase": "^3.35.0", "tinyexec": "^0.3.2", "tinyglobby": "^0.2.11", "tree-kill": "^1.2.2" }, "peerDependencies": { "@microsoft/api-extractor": "^7.36.0", "@swc/core": "^1", "postcss": "^8.4.12", "typescript": ">=4.5.0" }, "optionalPeers": ["@microsoft/api-extractor", "@swc/core", "postcss", "typescript"], "bin": { "tsup": "dist/cli-default.js", "tsup-node": "dist/cli-node.js" } }, ""],

    "tsx": ["tsx@4.20.6", "https://registry.yarnpkg.com/tsx/-/tsx-4.20.6.tgz", { "dependencies": { "esbuild": "~0.25.0", "get-tsconfig": "^4.7.5" }, "bin": "dist/cli.mjs" }, ""],

    "ufo": ["ufo@1.6.1", "https://registry.yarnpkg.com/ufo/-/ufo-1.6.1.tgz", {}, ""],

    "undici": ["undici@6.21.3", "https://registry.yarnpkg.com/undici/-/undici-6.21.3.tgz", {}, ""],

    "undici-types": ["undici-types@7.16.0", "https://registry.yarnpkg.com/undici-types/-/undici-types-7.16.0.tgz", {}, ""],

    "webidl-conversions": ["webidl-conversions@4.0.2", "https://registry.yarnpkg.com/webidl-conversions/-/webidl-conversions-4.0.2.tgz", {}, ""],

    "whatwg-url": ["whatwg-url@7.1.0", "https://registry.yarnpkg.com/whatwg-url/-/whatwg-url-7.1.0.tgz", { "dependencies": { "lodash.sortby": "^4.7.0", "tr46": "^1.0.1", "webidl-conversions": "^4.0.2" } }, ""],

    "which": ["which@2.0.2", "https://registry.yarnpkg.com/which/-/which-2.0.2.tgz", { "dependencies": { "isexe": "^2.0.0" }, "bin": { "node-which": "bin/node-which" } }, ""],

    "wrap-ansi": ["wrap-ansi@8.1.0", "https://registry.yarnpkg.com/wrap-ansi/-/wrap-ansi-8.1.0.tgz", { "dependencies": { "ansi-styles": "^6.1.0", "string-width": "^5.0.1", "strip-ansi": "^7.0.1" } }, ""],

    "wrap-ansi-cjs": ["wrap-ansi@7.0.0", "", { "dependencies": { "ansi-styles": "^4.0.0", "string-width": "^4.1.0", "strip-ansi": "^6.0.0" } }, "sha512-YVGIj2kamLSTxw6NsZjoBxfSwsn0ycdesmc4p+Q21c5zPuZ1pl+NfxVdxPtdHvmNVOQ6XSYG4AUtyt/Fi7D16Q=="],

    "ws": ["ws@8.18.3", "https://registry.yarnpkg.com/ws/-/ws-8.18.3.tgz", { "peerDependencies": { "bufferutil": "^4.0.1", "utf-8-validate": ">=5.0.2" }, "optionalPeers": ["bufferutil", "utf-8-validate"] }, ""],

    "@discordjs/rest/@discordjs/collection": ["@discordjs/collection@2.1.1", "https://registry.yarnpkg.com/@discordjs/collection/-/collection-2.1.1.tgz", {}, ""],

    "@discordjs/rest/@sapphire/snowflake": ["@sapphire/snowflake@3.5.5", "https://registry.yarnpkg.com/@sapphire/snowflake/-/snowflake-3.5.5.tgz", {}, ""],

    "@discordjs/ws/@discordjs/collection": ["@discordjs/collection@2.1.1", "https://registry.yarnpkg.com/@discordjs/collection/-/collection-2.1.1.tgz", {}, ""],

    "c12/dotenv": ["dotenv@16.6.1", "https://registry.yarnpkg.com/dotenv/-/dotenv-16.6.1.tgz", {}, ""],

    "mlly/pkg-types": ["pkg-types@1.3.1", "https://registry.yarnpkg.com/pkg-types/-/pkg-types-1.3.1.tgz", { "dependencies": { "confbox": "^0.1.8", "mlly": "^1.7.4", "pathe": "^2.0.1" } }, ""],

    "nypm/tinyexec": ["tinyexec@1.0.1", "https://registry.yarnpkg.com/tinyexec/-/tinyexec-1.0.1.tgz", {}, ""],

    "string-width/strip-ansi": ["strip-ansi@7.1.2", "https://registry.yarnpkg.com/strip-ansi/-/strip-ansi-7.1.2.tgz", { "dependencies": { "ansi-regex": "^6.0.1" } }, ""],

    "string-width-cjs/emoji-regex": ["emoji-regex@8.0.0", "https://registry.yarnpkg.com/emoji-regex/-/emoji-regex-8.0.0.tgz", {}, ""],

    "string-width-cjs/strip-ansi": ["strip-ansi@6.0.1", "https://registry.yarnpkg.com/strip-ansi/-/strip-ansi-6.0.1.tgz", { "dependencies": { "ansi-regex": "^5.0.1" } }, ""],

    "strip-ansi-cjs/ansi-regex": ["ansi-regex@5.0.1", "https://registry.yarnpkg.com/ansi-regex/-/ansi-regex-5.0.1.tgz", {}, ""],

    "wrap-ansi/strip-ansi": ["strip-ansi@7.1.2", "https://registry.yarnpkg.com/strip-ansi/-/strip-ansi-7.1.2.tgz", { "dependencies": { "ansi-regex": "^6.0.1" } }, ""],

    "wrap-ansi-cjs/ansi-styles": ["ansi-styles@4.3.0", "https://registry.yarnpkg.com/ansi-styles/-/ansi-styles-4.3.0.tgz", { "dependencies": { "color-convert": "^2.0.1" } }, ""],

    "wrap-ansi-cjs/string-width": ["string-width@4.2.3", "", { "dependencies": { "emoji-regex": "^8.0.0", "is-fullwidth-code-point": "^3.0.0", "strip-ansi": "^6.0.1" } }, "sha512-wKyQRQpjJ0sIp62ErSZdGsjMJWsap5oRNihHhu6G7JVO/9jIB6UyevL+tXuOqrng8j/cxKTWyWUwvSTriiZz/g=="],

    "wrap-ansi-cjs/strip-ansi": ["strip-ansi@6.0.1", "https://registry.yarnpkg.com/strip-ansi/-/strip-ansi-6.0.1.tgz", { "dependencies": { "ansi-regex": "^5.0.1" } }, ""],

    "mlly/pkg-types/confbox": ["confbox@0.1.8", "https://registry.yarnpkg.com/confbox/-/confbox-0.1.8.tgz", {}, ""],

    "string-width-cjs/strip-ansi/ansi-regex": ["ansi-regex@5.0.1", "https://registry.yarnpkg.com/ansi-regex/-/ansi-regex-5.0.1.tgz", {}, ""],

    "string-width/strip-ansi/ansi-regex": ["ansi-regex@6.2.2", "https://registry.yarnpkg.com/ansi-regex/-/ansi-regex-6.2.2.tgz", {}, ""],

    "wrap-ansi-cjs/string-width/emoji-regex": ["emoji-regex@8.0.0", "https://registry.yarnpkg.com/emoji-regex/-/emoji-regex-8.0.0.tgz", {}, ""],

    "wrap-ansi-cjs/strip-ansi/ansi-regex": ["ansi-regex@5.0.1", "https://registry.yarnpkg.com/ansi-regex/-/ansi-regex-5.0.1.tgz", {}, ""],

    "wrap-ansi/strip-ansi/ansi-regex": ["ansi-regex@6.2.2", "https://registry.yarnpkg.com/ansi-regex/-/ansi-regex-6.2.2.tgz", {}, ""],
  }
}
